version = 1
revision = 2
requires-python = ">=3.12"

[[package]]
name = "absl-py"
version = "2.3.1"
source = { registry = "https://pypi.org/simple" }
sdist = { url = "https://files.pythonhosted.org/packages/10/2a/c93173ffa1b39c1d0395b7e842bbdc62e556ca9d8d3b5572926f3e4ca752/absl_py-2.3.1.tar.gz", hash = "sha256:a97820526f7fbfd2ec1bce83f3f25e3a14840dac0d8e02a0b71cd75db3f77fc9", size = 116588, upload-time = "2025-07-03T09:31:44.05Z" }
wheels = [
    { url = "https://files.pythonhosted.org/packages/8f/aa/ba0014cc4659328dc818a28827be78e6d97312ab0cb98105a770924dc11e/absl_py-2.3.1-py3-none-any.whl", hash = "sha256:eeecf07f0c2a93ace0772c92e596ace6d3d3996c042b2128459aaae2a76de11d", size = 135811, upload-time = "2025-07-03T09:31:42.253Z" },
]

[[package]]
name = "quant-trading"
version = "0.1.0"
source = { virtual = "." }
dependencies = [
    { name = "absl-py" },
]

[package.metadata]
requires-dist = [{ name = "absl-py", specifier = ">=2.3.1" }]
